
Microsoft Visual Studio Solution File, Format Version 12.00
# Visual Studio Version 17
VisualStudioVersion = 17.14.36623.8
MinimumVisualStudioVersion = 10.0.40219.1
Project("{FAE04EC0-301F-11D3-BF4B-00C04F79EFBC}") = "IdentityManager", "IdentityManager.csproj", "{DA356E07-8355-4103-BF0C-7FC97B3F1B5B}"
	ProjectSection(ProjectDependencies) = postProject
		{EBCF805E-6676-480D-A8BA-C09BA1F6C2C1} = {EBCF805E-6676-480D-A8BA-C09BA1F6C2C1}
	EndProjectSection
EndProject
Project("{FAE04EC0-301F-11D3-BF4B-00C04F79EFBC}") = "Models", "..\Models\Models.csproj", "{EBCF805E-6676-480D-A8BA-C09BA1F6C2C1}"
EndProject
Global
	GlobalSection(SolutionConfigurationPlatforms) = preSolution
		Debug|Any CPU = Debug|Any CPU
		Release|Any CPU = Release|Any CPU
	EndGlobalSection
	GlobalSection(ProjectConfigurationPlatforms) = postSolution
		{DA356E07-8355-4103-BF0C-7FC97B3F1B5B}.Debug|Any CPU.ActiveCfg = Debug|Any CPU
		{DA356E07-8355-4103-BF0C-7FC97B3F1B5B}.Debug|Any CPU.Build.0 = Debug|Any CPU
		{DA356E07-8355-4103-BF0C-7FC97B3F1B5B}.Release|Any CPU.ActiveCfg = Release|Any CPU
		{DA356E07-8355-4103-BF0C-7FC97B3F1B5B}.Release|Any CPU.Build.0 = Release|Any CPU
		{EBCF805E-6676-480D-A8BA-C09BA1F6C2C1}.Debug|Any CPU.ActiveCfg = Debug|Any CPU
		{EBCF805E-6676-480D-A8BA-C09BA1F6C2C1}.Debug|Any CPU.Build.0 = Debug|Any CPU
		{EBCF805E-6676-480D-A8BA-C09BA1F6C2C1}.Release|Any CPU.ActiveCfg = Release|Any CPU
		{EBCF805E-6676-480D-A8BA-C09BA1F6C2C1}.Release|Any CPU.Build.0 = Release|Any CPU
	EndGlobalSection
	GlobalSection(SolutionProperties) = preSolution
		HideSolutionNode = FALSE
	EndGlobalSection
	GlobalSection(ExtensibilityGlobals) = postSolution
		SolutionGuid = {610DA514-FD6A-42F3-92E1-D442D4110630}
	EndGlobalSection
EndGlobal
